<?xml version="1.0" encoding="utf-8"?>
<Project ToolsVersion="4.0" xmlns="http://schemas.microsoft.com/developer/msbuild/2003">
  <ItemGroup>
    <Filter Include="Source Files">
      <UniqueIdentifier>{4FC737F1-C7A5-4376-A066-2A32D752A2FF}</UniqueIdentifier>
      <Extensions>cpp;c;cc;cxx;c++;cppm;ixx;def;odl;idl;hpj;bat;asm;asmx</Extensions>
    </Filter>
    <Filter Include="Header Files">
      <UniqueIdentifier>{93995380-89BD-4b04-88EB-625FBE52EBFB}</UniqueIdentifier>
      <Extensions>h;hh;hpp;hxx;h++;hm;inl;inc;ipp;xsd</Extensions>
    </Filter>
    <Filter Include="Resource Files">
      <UniqueIdentifier>{67DA6AB6-F800-4c08-8B7A-83BB121AAD01}</UniqueIdentifier>
      <Extensions>rc;ico;cur;bmp;dlg;rc2;rct;bin;rgs;gif;jpg;jpeg;jpe;resx;tiff;tif;png;wav;mfcribbon-ms</Extensions>
    </Filter>
  </ItemGroup>
  <ItemGroup>
    <ClInclude Include="include\zebuild.hpp">
      <Filter>Header Files</Filter>
    </ClInclude>
    <ClInclude Include="include\zengine\zengine.hpp">
      <Filter>Header Files</Filter>
    </ClInclude>
    <ClInclude Include="include\zengine\Core\Core.hpp">
      <Filter>Header Files</Filter>
    </ClInclude>
    <ClInclude Include="include\zengine\Core\Application.hpp">
      <Filter>Header Files</Filter>
    </ClInclude>
    <ClInclude Include="include\zengine\Abstract\Singleton.hpp">
      <Filter>Header Files</Filter>
    </ClInclude>
    <ClInclude Include="include\zengine\Common\Logger.hpp">
      <Filter>Header Files</Filter>
    </ClInclude>
    <ClInclude Include="include\constants.hpp">
      <Filter>Header Files</Filter>
    </ClInclude>
    <ClInclude Include="include\zengine\Event\Event.hpp">
      <Filter>Header Files</Filter>
    </ClInclude>
    <ClInclude Include="include\zengine\Event\EventBus.hpp">
      <Filter>Header Files</Filter>
    </ClInclude>
    <ClInclude Include="include\zengine\Event\EventHandler.hpp">
      <Filter>Header Files</Filter>
    </ClInclude>
    <ClInclude Include="include\zengine\Event\EventCallback.hpp">
      <Filter>Header Files</Filter>
    </ClInclude>
    <ClInclude Include="include\zengine\Common\Priority.hpp">
      <Filter>Header Files</Filter>
    </ClInclude>
    <ClInclude Include="include\zepch.hpp">
      <Filter>Header Files</Filter>
    </ClInclude>
    <ClInclude Include="include\zengine\Common\tee.hpp">
      <Filter>Header Files</Filter>
    </ClInclude>
    <ClInclude Include="include\zengine\Common\Time\Date.hpp">
      <Filter>Header Files</Filter>
    </ClInclude>
    <ClInclude Include="include\zengine\Common\Time\Time.hpp">
      <Filter>Header Files</Filter>
    </ClInclude>
    <ClInclude Include="include\zengine\Common\Time\Chrono.hpp">
      <Filter>Header Files</Filter>
    </ClInclude>
    <ClInclude Include="test\Time\TimeTest.h">
      <Filter>Header Files</Filter>
    </ClInclude>
    <ClInclude Include="include\zengine\Util\StringUtils.hpp">
      <Filter>Header Files</Filter>
    </ClInclude>
    <ClInclude Include="include\zengine\Common\Signal\Signal.hpp">
      <Filter>Header Files</Filter>
    </ClInclude>
    <ClInclude Include="include\zengine\Common\Signal\Connection.hpp">
      <Filter>Header Files</Filter>
    </ClInclude>
    <ClInclude Include="include\zengine\Resources\ResourceManager.hpp">
      <Filter>Header Files</Filter>
    </ClInclude>
  </ItemGroup>
  <ItemGroup>
    <ClCompile Include="src\Core\Core.cpp">
      <Filter>Source Files</Filter>
    </ClCompile>
    <ClCompile Include="src\Core\Application.cpp">
      <Filter>Source Files</Filter>
    </ClCompile>
    <ClCompile Include="src\Event\Event.cpp">
      <Filter>Source Files</Filter>
    </ClCompile>
    <ClCompile Include="src\Event\EventBus.cpp">
      <Filter>Source Files</Filter>
    </ClCompile>
    <ClCompile Include="src\Event\EventCallback.cpp">
      <Filter>Source Files</Filter>
    </ClCompile>
    <ClCompile Include="include\zepch.cpp">
      <Filter>Source Files</Filter>
    </ClCompile>
    <ClCompile Include="src\Common\Time\Date.cpp">
      <Filter>Source Files</Filter>
    </ClCompile>
    <ClCompile Include="src\Common\Time\Time.cpp">
      <Filter>Source Files</Filter>
    </ClCompile>
    <ClCompile Include="src\Common\Time\Chrono.cpp">
      <Filter>Source Files</Filter>
    </ClCompile>
  </ItemGroup>
  <ItemGroup>
    <None Include="include\inline\Abstract\Singleton.inl">
      <Filter>Header Files</Filter>
    </None>
    <None Include="include\inline\Common\Logger.inl">
      <Filter>Header Files</Filter>
    </None>
    <None Include="include\inline\Common\tee.inl">
      <Filter>Header Files</Filter>
    </None>
    <None Include="include\inline\Event\EventBus.inl">
      <Filter>Header Files</Filter>
    </None>
    <None Include="include\inline\Event\EventHandler.inl">
      <Filter>Header Files</Filter>
    </None>
    <None Include="include\inline\Event\EventCallback.inl">
      <Filter>Header Files</Filter>
    </None>
    <None Include="include\inline\Event\Event.inl">
      <Filter>Header Files</Filter>
    </None>
    <None Include="include\inline\Common\Time\Time.inl">
      <Filter>Header Files</Filter>
    </None>
    <None Include="include\inline\Common\Time\Date.inl">
      <Filter>Header Files</Filter>
    </None>
    <None Include="include\inline\Common\Time\Chrono.inl">
      <Filter>Header Files</Filter>
    </None>
    <None Include="include\inline\Util\StringUtils.inl">
      <Filter>Header Files</Filter>
    </None>
    <None Include="include\inline\Common\Signal\Signal.inl">
      <Filter>Header Files</Filter>
    </None>
    <None Include="include\inline\Common\Signal\Connection.inl">
      <Filter>Header Files</Filter>
    </None>
    <None Include="include\inline\Resource\ResourceManager.inl">
      <Filter>Header Files</Filter>
    </None>
  </ItemGroup>
</Project>